
Microsoft Visual Studio Solution File, Format Version 12.00
# Visual Studio Version 17
VisualStudioVersion = 17.13.35919.96
MinimumVisualStudioVersion = 10.0.40219.1
Project("{2150E333-8FDC-42A3-9474-1A3956D46DE8}") = "src", "src", "{02EA681E-C7D8-13C7-8484-4AC65E1B71E8}"
EndProject
Project("{2150E333-8FDC-42A3-9474-1A3956D46DE8}") = "services", "services", "{E463977C-1F67-49E1-9132-8FD322050A46}"
EndProject
Project("{2150E333-8FDC-42A3-9474-1A3956D46DE8}") = "catalog", "catalog", "{43E09ABB-EC96-44A0-A14F-F8CF0A31B4F9}"
EndProject
Project("{FAE04EC0-301F-11D3-BF4B-00C04F79EFBC}") = "EduMicroService.Catalog.Api", "EduMicroService.Catalog.Api\EduMicroService.Catalog.Api.csproj", "{DCF915F5-85B4-46DE-9A2D-FAA743A357A3}"
EndProject
Project("{E53339B2-1760-4266-BCC7-CA923CBCF16C}") = "docker-compose", "docker-compose.dcproj", "{81DDED9D-158B-E303-5F62-77A2896D2A5A}"
EndProject
Project("{2150E333-8FDC-42A3-9474-1A3956D46DE8}") = "shared", "shared", "{EEA92366-879B-4BA8-A884-56B4F73E9CCE}"
EndProject
Project("{FAE04EC0-301F-11D3-BF4B-00C04F79EFBC}") = "EduMicroService.Shared", "EduMicroService.Shared\EduMicroService.Shared.csproj", "{732BB23F-3DD1-4092-AA6F-B9C853426BD4}"
EndProject
Project("{2150E333-8FDC-42A3-9474-1A3956D46DE8}") = "basket", "basket", "{20F5AF8A-2CD6-4842-BA18-FEB6202915DD}"
EndProject
Project("{FAE04EC0-301F-11D3-BF4B-00C04F79EFBC}") = "EduMicroService.Basket.Api", "EduMicroService.Basket.Api\EduMicroService.Basket.Api.csproj", "{4321C2D7-BF0D-4637-A453-6309E5412C40}"
EndProject
Global
	GlobalSection(SolutionConfigurationPlatforms) = preSolution
		Debug|Any CPU = Debug|Any CPU
		Release|Any CPU = Release|Any CPU
	EndGlobalSection
	GlobalSection(ProjectConfigurationPlatforms) = postSolution
		{DCF915F5-85B4-46DE-9A2D-FAA743A357A3}.Debug|Any CPU.ActiveCfg = Debug|Any CPU
		{DCF915F5-85B4-46DE-9A2D-FAA743A357A3}.Debug|Any CPU.Build.0 = Debug|Any CPU
		{DCF915F5-85B4-46DE-9A2D-FAA743A357A3}.Release|Any CPU.ActiveCfg = Release|Any CPU
		{DCF915F5-85B4-46DE-9A2D-FAA743A357A3}.Release|Any CPU.Build.0 = Release|Any CPU
		{81DDED9D-158B-E303-5F62-77A2896D2A5A}.Debug|Any CPU.ActiveCfg = Debug|Any CPU
		{81DDED9D-158B-E303-5F62-77A2896D2A5A}.Debug|Any CPU.Build.0 = Debug|Any CPU
		{81DDED9D-158B-E303-5F62-77A2896D2A5A}.Release|Any CPU.ActiveCfg = Release|Any CPU
		{81DDED9D-158B-E303-5F62-77A2896D2A5A}.Release|Any CPU.Build.0 = Release|Any CPU
		{732BB23F-3DD1-4092-AA6F-B9C853426BD4}.Debug|Any CPU.ActiveCfg = Debug|Any CPU
		{732BB23F-3DD1-4092-AA6F-B9C853426BD4}.Debug|Any CPU.Build.0 = Debug|Any CPU
		{732BB23F-3DD1-4092-AA6F-B9C853426BD4}.Release|Any CPU.ActiveCfg = Release|Any CPU
		{732BB23F-3DD1-4092-AA6F-B9C853426BD4}.Release|Any CPU.Build.0 = Release|Any CPU
		{4321C2D7-BF0D-4637-A453-6309E5412C40}.Debug|Any CPU.ActiveCfg = Debug|Any CPU
		{4321C2D7-BF0D-4637-A453-6309E5412C40}.Debug|Any CPU.Build.0 = Debug|Any CPU
		{4321C2D7-BF0D-4637-A453-6309E5412C40}.Release|Any CPU.ActiveCfg = Release|Any CPU
		{4321C2D7-BF0D-4637-A453-6309E5412C40}.Release|Any CPU.Build.0 = Release|Any CPU
	EndGlobalSection
	GlobalSection(SolutionProperties) = preSolution
		HideSolutionNode = FALSE
	EndGlobalSection
	GlobalSection(NestedProjects) = preSolution
		{E463977C-1F67-49E1-9132-8FD322050A46} = {02EA681E-C7D8-13C7-8484-4AC65E1B71E8}
		{43E09ABB-EC96-44A0-A14F-F8CF0A31B4F9} = {E463977C-1F67-49E1-9132-8FD322050A46}
		{DCF915F5-85B4-46DE-9A2D-FAA743A357A3} = {43E09ABB-EC96-44A0-A14F-F8CF0A31B4F9}
		{EEA92366-879B-4BA8-A884-56B4F73E9CCE} = {02EA681E-C7D8-13C7-8484-4AC65E1B71E8}
		{732BB23F-3DD1-4092-AA6F-B9C853426BD4} = {EEA92366-879B-4BA8-A884-56B4F73E9CCE}
		{20F5AF8A-2CD6-4842-BA18-FEB6202915DD} = {E463977C-1F67-49E1-9132-8FD322050A46}
		{4321C2D7-BF0D-4637-A453-6309E5412C40} = {20F5AF8A-2CD6-4842-BA18-FEB6202915DD}
	EndGlobalSection
	GlobalSection(ExtensibilityGlobals) = postSolution
		SolutionGuid = {39E691E6-4BD2-4E4E-B247-9F3C151F28C1}
	EndGlobalSection
EndGlobal
