
Microsoft Visual Studio Solution File, Format Version 12.00
# Visual Studio Version 17
VisualStudioVersion = 17.13.35919.96
MinimumVisualStudioVersion = 10.0.40219.1
Project("{2150E333-8FDC-42A3-9474-1A3956D46DE8}") = "src", "src", "{02EA681E-C7D8-13C7-8484-4AC65E1B71E8}"
EndProject
Project("{2150E333-8FDC-42A3-9474-1A3956D46DE8}") = "services", "services", "{E463977C-1F67-49E1-9132-8FD322050A46}"
EndProject
Project("{2150E333-8FDC-42A3-9474-1A3956D46DE8}") = "catalog", "catalog", "{43E09ABB-EC96-44A0-A14F-F8CF0A31B4F9}"
EndProject
Project("{FAE04EC0-301F-11D3-BF4B-00C04F79EFBC}") = "EduMicroService.Catalog.Api", "EduMicroService.Catalog.Api\EduMicroService.Catalog.Api.csproj", "{DCF915F5-85B4-46DE-9A2D-FAA743A357A3}"
EndProject
Project("{E53339B2-1760-4266-BCC7-CA923CBCF16C}") = "docker-compose", "docker-compose.dcproj", "{81DDED9D-158B-E303-5F62-77A2896D2A5A}"
EndProject
Project("{2150E333-8FDC-42A3-9474-1A3956D46DE8}") = "shared", "shared", "{EEA92366-879B-4BA8-A884-56B4F73E9CCE}"
EndProject
Project("{FAE04EC0-301F-11D3-BF4B-00C04F79EFBC}") = "EduMicroService.Shared", "EduMicroService.Shared\EduMicroService.Shared.csproj", "{732BB23F-3DD1-4092-AA6F-B9C853426BD4}"
EndProject
Project("{2150E333-8FDC-42A3-9474-1A3956D46DE8}") = "basket", "basket", "{20F5AF8A-2CD6-4842-BA18-FEB6202915DD}"
EndProject
Project("{FAE04EC0-301F-11D3-BF4B-00C04F79EFBC}") = "EduMicroService.Basket.Api", "EduMicroService.Basket.Api\EduMicroService.Basket.Api.csproj", "{4321C2D7-BF0D-4637-A453-6309E5412C40}"
EndProject
Project("{2150E333-8FDC-42A3-9474-1A3956D46DE8}") = "discount", "discount", "{0E332F3D-8DDE-4D45-8998-6FDD763FFCBE}"
EndProject
Project("{FAE04EC0-301F-11D3-BF4B-00C04F79EFBC}") = "EduMicroService.Discount.Api", "EduMicroService.Discount.Api\EduMicroService.Discount.Api.csproj", "{BB2EEFA8-830B-4F29-9F7B-F77D812CE160}"
EndProject
Project("{2150E333-8FDC-42A3-9474-1A3956D46DE8}") = "file", "file", "{1A1B30BD-61B4-4919-8A39-E910DCCD414A}"
EndProject
Project("{FAE04EC0-301F-11D3-BF4B-00C04F79EFBC}") = "EduMicroService.File.Api", "EduMicroService.File.Api\EduMicroService.File.Api.csproj", "{624D6858-90CC-4B58-A0DA-3EE550365E3F}"
EndProject
Project("{2150E333-8FDC-42A3-9474-1A3956D46DE8}") = "order", "order", "{14A2120D-3609-476B-B3E4-C6350FBDA13B}"
EndProject
Project("{2150E333-8FDC-42A3-9474-1A3956D46DE8}") = "api", "api", "{4ADC9426-F3F4-4399-A2EB-B480CEAA755E}"
EndProject
Project("{2150E333-8FDC-42A3-9474-1A3956D46DE8}") = "core", "core", "{6BEFF947-2922-4E37-B8CE-2C8047573C19}"
EndProject
Project("{2150E333-8FDC-42A3-9474-1A3956D46DE8}") = "infrastructure", "infrastructure", "{F9A21055-8FF5-4A9C-8A8D-23A8EA6FD667}"
EndProject
Project("{FAE04EC0-301F-11D3-BF4B-00C04F79EFBC}") = "EduMicroService.Order.Api", "EduMicroService.Order.Api\EduMicroService.Order.Api.csproj", "{EEA070B7-6D82-4B53-97FD-CBAFD9EAFA3D}"
EndProject
Project("{FAE04EC0-301F-11D3-BF4B-00C04F79EFBC}") = "EduMicroService.Order.Domain", "EduMicroService.Order.Domain\EduMicroService.Order.Domain.csproj", "{ACC76794-DBD9-4243-B48B-9C9E28A543EC}"
EndProject
Project("{FAE04EC0-301F-11D3-BF4B-00C04F79EFBC}") = "EduMicroService.Order.Application", "EduMicroService.Order.Application\EduMicroService.Order.Application.csproj", "{FCD4275A-209C-4B6C-846C-1352A13F600F}"
EndProject
Project("{FAE04EC0-301F-11D3-BF4B-00C04F79EFBC}") = "EduMicroService.Order.Persistence", "EduMicroService.Order.Persistence\EduMicroService.Order.Persistence.csproj", "{02DFEB35-D28A-4F19-9A2A-08E56CE583D3}"
EndProject
Project("{2150E333-8FDC-42A3-9474-1A3956D46DE8}") = "identity", "identity", "{56FDFDB2-63A6-4984-B475-3022B534F7AD}"
EndProject
Project("{FAE04EC0-301F-11D3-BF4B-00C04F79EFBC}") = "EduMicroService.Identity.Api", "EduMicroService.Identity.Api\EduMicroService.Identity.Api.csproj", "{BE468AC1-D289-408B-A888-984F316866BC}"
EndProject
Project("{2150E333-8FDC-42A3-9474-1A3956D46DE8}") = "payment", "payment", "{BF0B7C4B-B00A-4E20-B6AE-41FB389696F4}"
EndProject
Project("{FAE04EC0-301F-11D3-BF4B-00C04F79EFBC}") = "EduMicroService.Payment.Api", "EduMicroService.Payment.Api\EduMicroService.Payment.Api.csproj", "{44E3FA8F-2902-4BEE-9373-1DC8E8F24913}"
EndProject
Global
	GlobalSection(SolutionConfigurationPlatforms) = preSolution
		Debug|Any CPU = Debug|Any CPU
		Release|Any CPU = Release|Any CPU
	EndGlobalSection
	GlobalSection(ProjectConfigurationPlatforms) = postSolution
		{DCF915F5-85B4-46DE-9A2D-FAA743A357A3}.Debug|Any CPU.ActiveCfg = Debug|Any CPU
		{DCF915F5-85B4-46DE-9A2D-FAA743A357A3}.Debug|Any CPU.Build.0 = Debug|Any CPU
		{DCF915F5-85B4-46DE-9A2D-FAA743A357A3}.Release|Any CPU.ActiveCfg = Release|Any CPU
		{DCF915F5-85B4-46DE-9A2D-FAA743A357A3}.Release|Any CPU.Build.0 = Release|Any CPU
		{81DDED9D-158B-E303-5F62-77A2896D2A5A}.Debug|Any CPU.ActiveCfg = Debug|Any CPU
		{81DDED9D-158B-E303-5F62-77A2896D2A5A}.Debug|Any CPU.Build.0 = Debug|Any CPU
		{81DDED9D-158B-E303-5F62-77A2896D2A5A}.Release|Any CPU.ActiveCfg = Release|Any CPU
		{81DDED9D-158B-E303-5F62-77A2896D2A5A}.Release|Any CPU.Build.0 = Release|Any CPU
		{732BB23F-3DD1-4092-AA6F-B9C853426BD4}.Debug|Any CPU.ActiveCfg = Debug|Any CPU
		{732BB23F-3DD1-4092-AA6F-B9C853426BD4}.Debug|Any CPU.Build.0 = Debug|Any CPU
		{732BB23F-3DD1-4092-AA6F-B9C853426BD4}.Release|Any CPU.ActiveCfg = Release|Any CPU
		{732BB23F-3DD1-4092-AA6F-B9C853426BD4}.Release|Any CPU.Build.0 = Release|Any CPU
		{4321C2D7-BF0D-4637-A453-6309E5412C40}.Debug|Any CPU.ActiveCfg = Debug|Any CPU
		{4321C2D7-BF0D-4637-A453-6309E5412C40}.Debug|Any CPU.Build.0 = Debug|Any CPU
		{4321C2D7-BF0D-4637-A453-6309E5412C40}.Release|Any CPU.ActiveCfg = Release|Any CPU
		{4321C2D7-BF0D-4637-A453-6309E5412C40}.Release|Any CPU.Build.0 = Release|Any CPU
		{BB2EEFA8-830B-4F29-9F7B-F77D812CE160}.Debug|Any CPU.ActiveCfg = Debug|Any CPU
		{BB2EEFA8-830B-4F29-9F7B-F77D812CE160}.Debug|Any CPU.Build.0 = Debug|Any CPU
		{BB2EEFA8-830B-4F29-9F7B-F77D812CE160}.Release|Any CPU.ActiveCfg = Release|Any CPU
		{BB2EEFA8-830B-4F29-9F7B-F77D812CE160}.Release|Any CPU.Build.0 = Release|Any CPU
		{624D6858-90CC-4B58-A0DA-3EE550365E3F}.Debug|Any CPU.ActiveCfg = Debug|Any CPU
		{624D6858-90CC-4B58-A0DA-3EE550365E3F}.Debug|Any CPU.Build.0 = Debug|Any CPU
		{624D6858-90CC-4B58-A0DA-3EE550365E3F}.Release|Any CPU.ActiveCfg = Release|Any CPU
		{624D6858-90CC-4B58-A0DA-3EE550365E3F}.Release|Any CPU.Build.0 = Release|Any CPU
		{EEA070B7-6D82-4B53-97FD-CBAFD9EAFA3D}.Debug|Any CPU.ActiveCfg = Debug|Any CPU
		{EEA070B7-6D82-4B53-97FD-CBAFD9EAFA3D}.Debug|Any CPU.Build.0 = Debug|Any CPU
		{EEA070B7-6D82-4B53-97FD-CBAFD9EAFA3D}.Release|Any CPU.ActiveCfg = Release|Any CPU
		{EEA070B7-6D82-4B53-97FD-CBAFD9EAFA3D}.Release|Any CPU.Build.0 = Release|Any CPU
		{ACC76794-DBD9-4243-B48B-9C9E28A543EC}.Debug|Any CPU.ActiveCfg = Debug|Any CPU
		{ACC76794-DBD9-4243-B48B-9C9E28A543EC}.Debug|Any CPU.Build.0 = Debug|Any CPU
		{ACC76794-DBD9-4243-B48B-9C9E28A543EC}.Release|Any CPU.ActiveCfg = Release|Any CPU
		{ACC76794-DBD9-4243-B48B-9C9E28A543EC}.Release|Any CPU.Build.0 = Release|Any CPU
		{FCD4275A-209C-4B6C-846C-1352A13F600F}.Debug|Any CPU.ActiveCfg = Debug|Any CPU
		{FCD4275A-209C-4B6C-846C-1352A13F600F}.Debug|Any CPU.Build.0 = Debug|Any CPU
		{FCD4275A-209C-4B6C-846C-1352A13F600F}.Release|Any CPU.ActiveCfg = Release|Any CPU
		{FCD4275A-209C-4B6C-846C-1352A13F600F}.Release|Any CPU.Build.0 = Release|Any CPU
		{02DFEB35-D28A-4F19-9A2A-08E56CE583D3}.Debug|Any CPU.ActiveCfg = Debug|Any CPU
		{02DFEB35-D28A-4F19-9A2A-08E56CE583D3}.Debug|Any CPU.Build.0 = Debug|Any CPU
		{02DFEB35-D28A-4F19-9A2A-08E56CE583D3}.Release|Any CPU.ActiveCfg = Release|Any CPU
		{02DFEB35-D28A-4F19-9A2A-08E56CE583D3}.Release|Any CPU.Build.0 = Release|Any CPU
		{BE468AC1-D289-408B-A888-984F316866BC}.Debug|Any CPU.ActiveCfg = Debug|Any CPU
		{BE468AC1-D289-408B-A888-984F316866BC}.Debug|Any CPU.Build.0 = Debug|Any CPU
		{BE468AC1-D289-408B-A888-984F316866BC}.Release|Any CPU.ActiveCfg = Release|Any CPU
		{BE468AC1-D289-408B-A888-984F316866BC}.Release|Any CPU.Build.0 = Release|Any CPU
		{44E3FA8F-2902-4BEE-9373-1DC8E8F24913}.Debug|Any CPU.ActiveCfg = Debug|Any CPU
		{44E3FA8F-2902-4BEE-9373-1DC8E8F24913}.Debug|Any CPU.Build.0 = Debug|Any CPU
		{44E3FA8F-2902-4BEE-9373-1DC8E8F24913}.Release|Any CPU.ActiveCfg = Release|Any CPU
		{44E3FA8F-2902-4BEE-9373-1DC8E8F24913}.Release|Any CPU.Build.0 = Release|Any CPU
	EndGlobalSection
	GlobalSection(SolutionProperties) = preSolution
		HideSolutionNode = FALSE
	EndGlobalSection
	GlobalSection(NestedProjects) = preSolution
		{E463977C-1F67-49E1-9132-8FD322050A46} = {02EA681E-C7D8-13C7-8484-4AC65E1B71E8}
		{43E09ABB-EC96-44A0-A14F-F8CF0A31B4F9} = {E463977C-1F67-49E1-9132-8FD322050A46}
		{DCF915F5-85B4-46DE-9A2D-FAA743A357A3} = {43E09ABB-EC96-44A0-A14F-F8CF0A31B4F9}
		{EEA92366-879B-4BA8-A884-56B4F73E9CCE} = {02EA681E-C7D8-13C7-8484-4AC65E1B71E8}
		{732BB23F-3DD1-4092-AA6F-B9C853426BD4} = {EEA92366-879B-4BA8-A884-56B4F73E9CCE}
		{20F5AF8A-2CD6-4842-BA18-FEB6202915DD} = {E463977C-1F67-49E1-9132-8FD322050A46}
		{4321C2D7-BF0D-4637-A453-6309E5412C40} = {20F5AF8A-2CD6-4842-BA18-FEB6202915DD}
		{0E332F3D-8DDE-4D45-8998-6FDD763FFCBE} = {E463977C-1F67-49E1-9132-8FD322050A46}
		{BB2EEFA8-830B-4F29-9F7B-F77D812CE160} = {0E332F3D-8DDE-4D45-8998-6FDD763FFCBE}
		{1A1B30BD-61B4-4919-8A39-E910DCCD414A} = {E463977C-1F67-49E1-9132-8FD322050A46}
		{624D6858-90CC-4B58-A0DA-3EE550365E3F} = {1A1B30BD-61B4-4919-8A39-E910DCCD414A}
		{14A2120D-3609-476B-B3E4-C6350FBDA13B} = {E463977C-1F67-49E1-9132-8FD322050A46}
		{4ADC9426-F3F4-4399-A2EB-B480CEAA755E} = {14A2120D-3609-476B-B3E4-C6350FBDA13B}
		{6BEFF947-2922-4E37-B8CE-2C8047573C19} = {14A2120D-3609-476B-B3E4-C6350FBDA13B}
		{F9A21055-8FF5-4A9C-8A8D-23A8EA6FD667} = {14A2120D-3609-476B-B3E4-C6350FBDA13B}
		{EEA070B7-6D82-4B53-97FD-CBAFD9EAFA3D} = {4ADC9426-F3F4-4399-A2EB-B480CEAA755E}
		{ACC76794-DBD9-4243-B48B-9C9E28A543EC} = {6BEFF947-2922-4E37-B8CE-2C8047573C19}
		{FCD4275A-209C-4B6C-846C-1352A13F600F} = {6BEFF947-2922-4E37-B8CE-2C8047573C19}
		{02DFEB35-D28A-4F19-9A2A-08E56CE583D3} = {F9A21055-8FF5-4A9C-8A8D-23A8EA6FD667}
		{56FDFDB2-63A6-4984-B475-3022B534F7AD} = {E463977C-1F67-49E1-9132-8FD322050A46}
		{BE468AC1-D289-408B-A888-984F316866BC} = {56FDFDB2-63A6-4984-B475-3022B534F7AD}
		{BF0B7C4B-B00A-4E20-B6AE-41FB389696F4} = {E463977C-1F67-49E1-9132-8FD322050A46}
		{44E3FA8F-2902-4BEE-9373-1DC8E8F24913} = {BF0B7C4B-B00A-4E20-B6AE-41FB389696F4}
	EndGlobalSection
	GlobalSection(ExtensibilityGlobals) = postSolution
		SolutionGuid = {39E691E6-4BD2-4E4E-B247-9F3C151F28C1}
	EndGlobalSection
EndGlobal
